{
  "format_version": "1.1",
  "terraform_version": "1.3.6",
  "planned_values": {
    "root_module": {
      "resources": [
        {
          "address": "aws_iam_group.group",
          "mode": "managed",
          "type": "aws_iam_group",
          "name": "group",
          "provider_name": "registry.terraform.io/hashicorp/aws",
          "schema_version": 0,
          "values": {
            "name": "example_group_1",
            "path": "/"
          },
          "sensitive_values": {}
        },
        {
          "address": "aws_iam_policy.policy_1",
          "mode": "managed",
          "type": "aws_iam_policy",
          "name": "policy_1",
          "provider_name": "registry.terraform.io/hashicorp/aws",
          "schema_version": 0,
          "values": {
            "description": null,
            "name": "example_policy_1",
            "name_prefix": null,
            "path": "/",
            "policy": "{\n  \"Version\": \"2012-10-17\",\n  \"Statement\": [\n    {\n      \"Sid\": \"AllowedActionsOnBucket\",\n      \"Effect\": \"Allow\",\n      \"Action\": \"s3:*\",\n      \"Resource\": \"arn:aws:s3:::all-human-beings-are-born-free-and-equal-in-dignity-and-rights\"\n    }\n  ]\n}",
            "tags": {
              "Compliance": "PCI",
              "Description": "Some important description",
              "Version": "1"
            },
            "tags_all": {
              "Compliance": "PCI",
              "Department": "Finance",
              "Description": "Some important description",
              "Environment": "Development",
              "Owner": "Mark",
              "Version": "1"
            }
          },
          "sensitive_values": {
            "tags": {},
            "tags_all": {}
          }
        },
        {
          "address": "aws_iam_policy.policy_1_1",
          "mode": "managed",
          "type": "aws_iam_policy",
          "name": "policy_1_1",
          "provider_name": "registry.terraform.io/hashicorp/aws",
          "schema_version": 0,
          "values": {
            "description": null,
            "name": "example_policy_1_1",
            "name_prefix": null,
            "path": "/",
            "policy": "{\n  \"Version\": \"2012-10-17\",\n  \"Statement\": [\n    {\n      \"Sid\": \"AllowedActionsOnBucket\",\n      \"Effect\": \"Allow\",\n      \"Action\": \"s3:*\",\n      \"Resource\": \"arn:aws:s3:::all-human-beings-are-born-free-and-equal-in-dignity-and-rights\"\n    }\n  ]\n}",
            "tags": {
              "Compliance": "PCI",
              "Version": "1"
            },
            "tags_all": {
              "Compliance": "PCI",
              "Department": "Finance",
              "Environment": "Development",
              "Owner": "Mark",
              "Version": "1"
            }
          },
          "sensitive_values": {
            "tags": {},
            "tags_all": {}
          }
        },
        {
          "address": "aws_iam_role.role_1",
          "mode": "managed",
          "type": "aws_iam_role",
          "name": "role_1",
          "provider_name": "registry.terraform.io/hashicorp/aws",
          "schema_version": 0,
          "values": {
            "assume_role_policy": "{\"Statement\":[{\"Action\":\"sts:AssumeRole\",\"Effect\":\"Allow\",\"Principal\":{\"Service\":\"ec2.amazonaws.com\"},\"Sid\":\"\"}],\"Version\":\"2012-10-17\"}",
            "description": null,
            "force_detach_policies": false,
            "max_session_duration": 3600,
            "name": "example_role1",
            "path": "/",
            "permissions_boundary": null,
            "tags": {
              "Compliance": "PCI"
            },
            "tags_all": {
              "Compliance": "PCI",
              "Department": "Finance",
              "Environment": "Development",
              "Owner": "Mark"
            }
          },
          "sensitive_values": {
            "inline_policy": [],
            "managed_policy_arns": [],
            "tags": {},
            "tags_all": {}
          }
        },
        {
          "address": "aws_iam_role.role_2",
          "mode": "managed",
          "type": "aws_iam_role",
          "name": "role_2",
          "provider_name": "registry.terraform.io/hashicorp/aws",
          "schema_version": 0,
          "values": {
            "assume_role_policy": "{\"Statement\":[{\"Action\":\"sts:AssumeRole\",\"Effect\":\"Allow\",\"Principal\":{\"Service\":\"ec2.amazonaws.com\"},\"Sid\":\"\"}],\"Version\":\"2012-10-17\"}",
            "description": null,
            "force_detach_policies": false,
            "max_session_duration": 3600,
            "name": "example_role2",
            "path": "/",
            "permissions_boundary": null,
            "tags": null,
            "tags_all": {
              "Department": "Finance",
              "Environment": "Development",
              "Owner": "Mark"
            }
          },
          "sensitive_values": {
            "inline_policy": [],
            "managed_policy_arns": [],
            "tags_all": {}
          }
        },
        {
          "address": "aws_iam_role_policy.policy_2",
          "mode": "managed",
          "type": "aws_iam_role_policy",
          "name": "policy_2",
          "provider_name": "registry.terraform.io/hashicorp/aws",
          "schema_version": 0,
          "values": {
            "name": "example_policy_2",
            "name_prefix": null,
            "policy": "{\n  \"Version\": \"2012-10-17\",\n  \"Statement\": [\n    {\n      \"Sid\": \"DeniedActionsOnBucket\",\n      \"Effect\": \"Deny\",\n      \"Action\": \"s3:*\",\n      \"Resource\": \"arn:aws:s3:::all-human-beings-are-born-free-and-equal-in-dignity-and-rights\"\n    }\n  ]\n}"
          },
          "sensitive_values": {}
        },
        {
          "address": "aws_iam_role_policy_attachment.policy_attachment_1",
          "mode": "managed",
          "type": "aws_iam_role_policy_attachment",
          "name": "policy_attachment_1",
          "provider_name": "registry.terraform.io/hashicorp/aws",
          "schema_version": 0,
          "values": {
            "role": "example_role1"
          },
          "sensitive_values": {}
        },
        {
          "address": "aws_iam_role_policy_attachment.policy_attachment_1_1",
          "mode": "managed",
          "type": "aws_iam_role_policy_attachment",
          "name": "policy_attachment_1_1",
          "provider_name": "registry.terraform.io/hashicorp/aws",
          "schema_version": 0,
          "values": {
            "role": "example_role1"
          },
          "sensitive_values": {}
        }
      ]
    }
  },
  "resource_changes": [
    {
      "address": "aws_iam_group.group",
      "mode": "managed",
      "type": "aws_iam_group",
      "name": "group",
      "provider_name": "registry.terraform.io/hashicorp/aws",
      "change": {
        "actions": [
          "create"
        ],
        "before": null,
        "after": {
          "name": "example_group_1",
          "path": "/"
        },
        "after_unknown": {
          "arn": true,
          "id": true,
          "unique_id": true
        },
        "before_sensitive": false,
        "after_sensitive": {}
      }
    },
    {
      "address": "aws_iam_policy.policy_1",
      "mode": "managed",
      "type": "aws_iam_policy",
      "name": "policy_1",
      "provider_name": "registry.terraform.io/hashicorp/aws",
      "change": {
        "actions": [
          "create"
        ],
        "before": null,
        "after": {
          "description": null,
          "name": "example_policy_1",
          "name_prefix": null,
          "path": "/",
          "policy": "{\n  \"Version\": \"2012-10-17\",\n  \"Statement\": [\n    {\n      \"Sid\": \"AllowedActionsOnBucket\",\n      \"Effect\": \"Allow\",\n      \"Action\": \"s3:*\",\n      \"Resource\": \"arn:aws:s3:::all-human-beings-are-born-free-and-equal-in-dignity-and-rights\"\n    }\n  ]\n}",
          "tags": {
            "Compliance": "PCI",
            "Description": "Some important description",
            "Version": "1"
          },
          "tags_all": {
            "Compliance": "PCI",
            "Department": "Finance",
            "Description": "Some important description",
            "Environment": "Development",
            "Owner": "Mark",
            "Version": "1"
          }
        },
        "after_unknown": {
          "arn": true,
          "id": true,
          "policy_id": true,
          "tags": {},
          "tags_all": {}
        },
        "before_sensitive": false,
        "after_sensitive": {
          "tags": {},
          "tags_all": {}
        }
      }
    },
    {
      "address": "aws_iam_policy.policy_1_1",
      "mode": "managed",
      "type": "aws_iam_policy",
      "name": "policy_1_1",
      "provider_name": "registry.terraform.io/hashicorp/aws",
      "change": {
        "actions": [
          "create"
        ],
        "before": null,
        "after": {
          "description": null,
          "name": "example_policy_1_1",
          "name_prefix": null,
          "path": "/",
          "policy": "{\n  \"Version\": \"2012-10-17\",\n  \"Statement\": [\n    {\n      \"Sid\": \"AllowedActionsOnBucket\",\n      \"Effect\": \"Allow\",\n      \"Action\": \"s3:*\",\n      \"Resource\": \"arn:aws:s3:::all-human-beings-are-born-free-and-equal-in-dignity-and-rights\"\n    }\n  ]\n}",
          "tags": {
            "Compliance": "PCI",
            "Version": "1"
          },
          "tags_all": {
            "Compliance": "PCI",
            "Department": "Finance",
            "Environment": "Development",
            "Owner": "Mark",
            "Version": "1"
          }
        },
        "after_unknown": {
          "arn": true,
          "id": true,
          "policy_id": true,
          "tags": {},
          "tags_all": {}
        },
        "before_sensitive": false,
        "after_sensitive": {
          "tags": {},
          "tags_all": {}
        }
      }
    },
    {
      "address": "aws_iam_role.role_1",
      "mode": "managed",
      "type": "aws_iam_role",
      "name": "role_1",
      "provider_name": "registry.terraform.io/hashicorp/aws",
      "change": {
        "actions": [
          "create"
        ],
        "before": null,
        "after": {
          "assume_role_policy": "{\"Statement\":[{\"Action\":\"sts:AssumeRole\",\"Effect\":\"Allow\",\"Principal\":{\"Service\":\"ec2.amazonaws.com\"},\"Sid\":\"\"}],\"Version\":\"2012-10-17\"}",
          "description": null,
          "force_detach_policies": false,
          "max_session_duration": 3600,
          "name": "example_role1",
          "path": "/",
          "permissions_boundary": null,
          "tags": {
            "Compliance": "PCI"
          },
          "tags_all": {
            "Compliance": "PCI",
            "Department": "Finance",
            "Environment": "Development",
            "Owner": "Mark"
          }
        },
        "after_unknown": {
          "arn": true,
          "create_date": true,
          "id": true,
          "inline_policy": true,
          "managed_policy_arns": true,
          "name_prefix": true,
          "tags": {},
          "tags_all": {},
          "unique_id": true
        },
        "before_sensitive": false,
        "after_sensitive": {
          "inline_policy": [],
          "managed_policy_arns": [],
          "tags": {},
          "tags_all": {}
        }
      }
    },
    {
      "address": "aws_iam_role.role_2",
      "mode": "managed",
      "type": "aws_iam_role",
      "name": "role_2",
      "provider_name": "registry.terraform.io/hashicorp/aws",
      "change": {
        "actions": [
          "create"
        ],
        "before": null,
        "after": {
          "assume_role_policy": "{\"Statement\":[{\"Action\":\"sts:AssumeRole\",\"Effect\":\"Allow\",\"Principal\":{\"Service\":\"ec2.amazonaws.com\"},\"Sid\":\"\"}],\"Version\":\"2012-10-17\"}",
          "description": null,
          "force_detach_policies": false,
          "max_session_duration": 3600,
          "name": "example_role2",
          "path": "/",
          "permissions_boundary": null,
          "tags": null,
          "tags_all": {
            "Department": "Finance",
            "Environment": "Development",
            "Owner": "Mark"
          }
        },
        "after_unknown": {
          "arn": true,
          "create_date": true,
          "id": true,
          "inline_policy": true,
          "managed_policy_arns": true,
          "name_prefix": true,
          "tags_all": {},
          "unique_id": true
        },
        "before_sensitive": false,
        "after_sensitive": {
          "inline_policy": [],
          "managed_policy_arns": [],
          "tags_all": {}
        }
      }
    },
    {
      "address": "aws_iam_role_policy.policy_2",
      "mode": "managed",
      "type": "aws_iam_role_policy",
      "name": "policy_2",
      "provider_name": "registry.terraform.io/hashicorp/aws",
      "change": {
        "actions": [
          "create"
        ],
        "before": null,
        "after": {
          "name": "example_policy_2",
          "name_prefix": null,
          "policy": "{\n  \"Version\": \"2012-10-17\",\n  \"Statement\": [\n    {\n      \"Sid\": \"DeniedActionsOnBucket\",\n      \"Effect\": \"Deny\",\n      \"Action\": \"s3:*\",\n      \"Resource\": \"arn:aws:s3:::all-human-beings-are-born-free-and-equal-in-dignity-and-rights\"\n    }\n  ]\n}"
        },
        "after_unknown": {
          "id": true,
          "role": true
        },
        "before_sensitive": false,
        "after_sensitive": {}
      }
    },
    {
      "address": "aws_iam_role_policy_attachment.policy_attachment_1",
      "mode": "managed",
      "type": "aws_iam_role_policy_attachment",
      "name": "policy_attachment_1",
      "provider_name": "registry.terraform.io/hashicorp/aws",
      "change": {
        "actions": [
          "create"
        ],
        "before": null,
        "after": {
          "role": "example_role1"
        },
        "after_unknown": {
          "id": true,
          "policy_arn": true
        },
        "before_sensitive": false,
        "after_sensitive": {}
      }
    },
    {
      "address": "aws_iam_role_policy_attachment.policy_attachment_1_1",
      "mode": "managed",
      "type": "aws_iam_role_policy_attachment",
      "name": "policy_attachment_1_1",
      "provider_name": "registry.terraform.io/hashicorp/aws",
      "change": {
        "actions": [
          "create"
        ],
        "before": null,
        "after": {
          "role": "example_role1"
        },
        "after_unknown": {
          "id": true,
          "policy_arn": true
        },
        "before_sensitive": false,
        "after_sensitive": {}
      }
    }
  ],
  "prior_state": {
    "format_version": "1.0",
    "terraform_version": "1.3.6",
    "values": {
      "root_module": {
        "resources": [
          {
            "address": "data.aws_iam_policy_document.assume_policy_1",
            "mode": "data",
            "type": "aws_iam_policy_document",
            "name": "assume_policy_1",
            "provider_name": "registry.terraform.io/hashicorp/aws",
            "schema_version": 0,
            "values": {
              "id": "1903849331",
              "json": "{\n  \"Version\": \"2012-10-17\",\n  \"Statement\": [\n    {\n      \"Sid\": \"\",\n      \"Effect\": \"Allow\",\n      \"Action\": \"sts:AssumeRole\",\n      \"Principal\": {\n        \"Service\": \"ec2.amazonaws.com\"\n      }\n    }\n  ]\n}",
              "override_json": null,
              "override_policy_documents": null,
              "policy_id": null,
              "source_json": null,
              "source_policy_documents": null,
              "statement": [
                {
                  "actions": [
                    "sts:AssumeRole"
                  ],
                  "condition": [],
                  "effect": "Allow",
                  "not_actions": [],
                  "not_principals": [],
                  "not_resources": [],
                  "principals": [
                    {
                      "identifiers": [
                        "ec2.amazonaws.com"
                      ],
                      "type": "Service"
                    }
                  ],
                  "resources": [],
                  "sid": ""
                }
              ],
              "version": "2012-10-17"
            },
            "sensitive_values": {
              "statement": [
                {
                  "actions": [
                    false
                  ],
                  "condition": [],
                  "not_actions": [],
                  "not_principals": [],
                  "not_resources": [],
                  "principals": [
                    {
                      "identifiers": [
                        false
                      ]
                    }
                  ],
                  "resources": []
                }
              ]
            }
          },
          {
            "address": "data.aws_iam_policy_document.assume_policy_2",
            "mode": "data",
            "type": "aws_iam_policy_document",
            "name": "assume_policy_2",
            "provider_name": "registry.terraform.io/hashicorp/aws",
            "schema_version": 0,
            "values": {
              "id": "1903849331",
              "json": "{\n  \"Version\": \"2012-10-17\",\n  \"Statement\": [\n    {\n      \"Sid\": \"\",\n      \"Effect\": \"Allow\",\n      \"Action\": \"sts:AssumeRole\",\n      \"Principal\": {\n        \"Service\": \"ec2.amazonaws.com\"\n      }\n    }\n  ]\n}",
              "override_json": null,
              "override_policy_documents": null,
              "policy_id": null,
              "source_json": null,
              "source_policy_documents": null,
              "statement": [
                {
                  "actions": [
                    "sts:AssumeRole"
                  ],
                  "condition": [],
                  "effect": "Allow",
                  "not_actions": [],
                  "not_principals": [],
                  "not_resources": [],
                  "principals": [
                    {
                      "identifiers": [
                        "ec2.amazonaws.com"
                      ],
                      "type": "Service"
                    }
                  ],
                  "resources": [],
                  "sid": ""
                }
              ],
              "version": "2012-10-17"
            },
            "sensitive_values": {
              "statement": [
                {
                  "actions": [
                    false
                  ],
                  "condition": [],
                  "not_actions": [],
                  "not_principals": [],
                  "not_resources": [],
                  "principals": [
                    {
                      "identifiers": [
                        false
                      ]
                    }
                  ],
                  "resources": []
                }
              ]
            }
          },
          {
            "address": "data.aws_iam_policy_document.document_1",
            "mode": "data",
            "type": "aws_iam_policy_document",
            "name": "document_1",
            "provider_name": "registry.terraform.io/hashicorp/aws",
            "schema_version": 0,
            "values": {
              "id": "3701497962",
              "json": "{\n  \"Version\": \"2012-10-17\",\n  \"Statement\": [\n    {\n      \"Sid\": \"AllowedActionsOnBucket\",\n      \"Effect\": \"Allow\",\n      \"Action\": \"s3:*\",\n      \"Resource\": \"arn:aws:s3:::all-human-beings-are-born-free-and-equal-in-dignity-and-rights\"\n    }\n  ]\n}",
              "override_json": null,
              "override_policy_documents": null,
              "policy_id": null,
              "source_json": null,
              "source_policy_documents": null,
              "statement": [
                {
                  "actions": [
                    "s3:*"
                  ],
                  "condition": [],
                  "effect": "Allow",
                  "not_actions": [],
                  "not_principals": [],
                  "not_resources": [],
                  "principals": [],
                  "resources": [
                    "arn:aws:s3:::all-human-beings-are-born-free-and-equal-in-dignity-and-rights"
                  ],
                  "sid": "AllowedActionsOnBucket"
                }
              ],
              "version": "2012-10-17"
            },
            "sensitive_values": {
              "statement": [
                {
                  "actions": [
                    false
                  ],
                  "condition": [],
                  "not_actions": [],
                  "not_principals": [],
                  "not_resources": [],
                  "principals": [],
                  "resources": [
                    false
                  ]
                }
              ]
            }
          },
          {
            "address": "data.aws_iam_policy_document.document_2",
            "mode": "data",
            "type": "aws_iam_policy_document",
            "name": "document_2",
            "provider_name": "registry.terraform.io/hashicorp/aws",
            "schema_version": 0,
            "values": {
              "id": "4119651000",
              "json": "{\n  \"Version\": \"2012-10-17\",\n  \"Statement\": [\n    {\n      \"Sid\": \"DeniedActionsOnBucket\",\n      \"Effect\": \"Deny\",\n      \"Action\": \"s3:*\",\n      \"Resource\": \"arn:aws:s3:::all-human-beings-are-born-free-and-equal-in-dignity-and-rights\"\n    }\n  ]\n}",
              "override_json": null,
              "override_policy_documents": null,
              "policy_id": null,
              "source_json": null,
              "source_policy_documents": null,
              "statement": [
                {
                  "actions": [
                    "s3:*"
                  ],
                  "condition": [],
                  "effect": "Deny",
                  "not_actions": [],
                  "not_principals": [],
                  "not_resources": [],
                  "principals": [],
                  "resources": [
                    "arn:aws:s3:::all-human-beings-are-born-free-and-equal-in-dignity-and-rights"
                  ],
                  "sid": "DeniedActionsOnBucket"
                }
              ],
              "version": "2012-10-17"
            },
            "sensitive_values": {
              "statement": [
                {
                  "actions": [
                    false
                  ],
                  "condition": [],
                  "not_actions": [],
                  "not_principals": [],
                  "not_resources": [],
                  "principals": [],
                  "resources": [
                    false
                  ]
                }
              ]
            }
          }
        ]
      }
    }
  },
  "configuration": {
    "provider_config": {
      "aws": {
        "name": "aws",
        "full_name": "registry.terraform.io/hashicorp/aws",
        "version_constraint": "~> 4.48.0",
        "expressions": {
          "default_tags": [
            {
              "tags": {
                "constant_value": {
                  "Department": "Finance",
                  "Environment": "Development",
                  "Owner": "Mark"
                }
              }
            }
          ],
          "region": {
            "constant_value": "us-east-1"
          }
        }
      }
    },
    "root_module": {
      "resources": [
        {
          "address": "aws_iam_group.group",
          "mode": "managed",
          "type": "aws_iam_group",
          "name": "group",
          "provider_config_key": "aws",
          "expressions": {
            "name": {
              "constant_value": "example_group_1"
            },
            "path": {
              "constant_value": "/"
            }
          },
          "schema_version": 0
        },
        {
          "address": "aws_iam_policy.policy_1",
          "mode": "managed",
          "type": "aws_iam_policy",
          "name": "policy_1",
          "provider_config_key": "aws",
          "expressions": {
            "name": {
              "constant_value": "example_policy_1"
            },
            "path": {
              "constant_value": "/"
            },
            "policy": {
              "references": [
                "data.aws_iam_policy_document.document_1.json",
                "data.aws_iam_policy_document.document_1"
              ]
            },
            "tags": {
              "constant_value": {
                "Compliance": "PCI",
                "Description": "Some important description",
                "Version": "1"
              }
            }
          },
          "schema_version": 0
        },
        {
          "address": "aws_iam_policy.policy_1_1",
          "mode": "managed",
          "type": "aws_iam_policy",
          "name": "policy_1_1",
          "provider_config_key": "aws",
          "expressions": {
            "name": {
              "constant_value": "example_policy_1_1"
            },
            "path": {
              "constant_value": "/"
            },
            "policy": {
              "references": [
                "data.aws_iam_policy_document.document_1.json",
                "data.aws_iam_policy_document.document_1"
              ]
            },
            "tags": {
              "constant_value": {
                "Compliance": "PCI",
                "Version": "1"
              }
            }
          },
          "schema_version": 0
        },
        {
          "address": "aws_iam_role.role_1",
          "mode": "managed",
          "type": "aws_iam_role",
          "name": "role_1",
          "provider_config_key": "aws",
          "expressions": {
            "assume_role_policy": {
              "references": [
                "data.aws_iam_policy_document.assume_policy_1.json",
                "data.aws_iam_policy_document.assume_policy_1"
              ]
            },
            "name": {
              "constant_value": "example_role1"
            },
            "tags": {
              "constant_value": {
                "Compliance": "PCI"
              }
            }
          },
          "schema_version": 0
        },
        {
          "address": "aws_iam_role.role_2",
          "mode": "managed",
          "type": "aws_iam_role",
          "name": "role_2",
          "provider_config_key": "aws",
          "expressions": {
            "assume_role_policy": {
              "references": [
                "data.aws_iam_policy_document.assume_policy_2.json",
                "data.aws_iam_policy_document.assume_policy_2"
              ]
            },
            "name": {
              "constant_value": "example_role2"
            }
          },
          "schema_version": 0
        },
        {
          "address": "aws_iam_role_policy.policy_2",
          "mode": "managed",
          "type": "aws_iam_role_policy",
          "name": "policy_2",
          "provider_config_key": "aws",
          "expressions": {
            "name": {
              "constant_value": "example_policy_2"
            },
            "policy": {
              "references": [
                "data.aws_iam_policy_document.document_2.json",
                "data.aws_iam_policy_document.document_2"
              ]
            },
            "role": {
              "references": [
                "aws_iam_role.role_2.id",
                "aws_iam_role.role_2"
              ]
            }
          },
          "schema_version": 0
        },
        {
          "address": "aws_iam_role_policy_attachment.policy_attachment_1",
          "mode": "managed",
          "type": "aws_iam_role_policy_attachment",
          "name": "policy_attachment_1",
          "provider_config_key": "aws",
          "expressions": {
            "policy_arn": {
              "references": [
                "aws_iam_policy.policy_1.arn",
                "aws_iam_policy.policy_1"
              ]
            },
            "role": {
              "references": [
                "aws_iam_role.role_1.name",
                "aws_iam_role.role_1"
              ]
            }
          },
          "schema_version": 0
        },
        {
          "address": "aws_iam_role_policy_attachment.policy_attachment_1_1",
          "mode": "managed",
          "type": "aws_iam_role_policy_attachment",
          "name": "policy_attachment_1_1",
          "provider_config_key": "aws",
          "expressions": {
            "policy_arn": {
              "references": [
                "aws_iam_policy.policy_1_1.arn",
                "aws_iam_policy.policy_1_1"
              ]
            },
            "role": {
              "references": [
                "aws_iam_role.role_1.name",
                "aws_iam_role.role_1"
              ]
            }
          },
          "schema_version": 0
        },
        {
          "address": "data.aws_iam_policy_document.assume_policy_1",
          "mode": "data",
          "type": "aws_iam_policy_document",
          "name": "assume_policy_1",
          "provider_config_key": "aws",
          "expressions": {
            "statement": [
              {
                "actions": {
                  "constant_value": [
                    "sts:AssumeRole"
                  ]
                },
                "principals": [
                  {
                    "identifiers": {
                      "constant_value": [
                        "ec2.amazonaws.com"
                      ]
                    },
                    "type": {
                      "constant_value": "Service"
                    }
                  }
                ]
              }
            ]
          },
          "schema_version": 0
        },
        {
          "address": "data.aws_iam_policy_document.assume_policy_2",
          "mode": "data",
          "type": "aws_iam_policy_document",
          "name": "assume_policy_2",
          "provider_config_key": "aws",
          "expressions": {
            "statement": [
              {
                "actions": {
                  "constant_value": [
                    "sts:AssumeRole"
                  ]
                },
                "principals": [
                  {
                    "identifiers": {
                      "constant_value": [
                        "ec2.amazonaws.com"
                      ]
                    },
                    "type": {
                      "constant_value": "Service"
                    }
                  }
                ]
              }
            ]
          },
          "schema_version": 0
        },
        {
          "address": "data.aws_iam_policy_document.document_1",
          "mode": "data",
          "type": "aws_iam_policy_document",
          "name": "document_1",
          "provider_config_key": "aws",
          "expressions": {
            "statement": [
              {
                "actions": {
                  "constant_value": [
                    "s3:*"
                  ]
                },
                "resources": {
                  "references": [
                    "local.bucket_arn"
                  ]
                },
                "sid": {
                  "constant_value": "AllowedActionsOnBucket"
                }
              }
            ]
          },
          "schema_version": 0
        },
        {
          "address": "data.aws_iam_policy_document.document_2",
          "mode": "data",
          "type": "aws_iam_policy_document",
          "name": "document_2",
          "provider_config_key": "aws",
          "expressions": {
            "statement": [
              {
                "actions": {
                  "constant_value": [
                    "s3:*"
                  ]
                },
                "effect": {
                  "constant_value": "Deny"
                },
                "resources": {
                  "references": [
                    "local.bucket_arn"
                  ]
                },
                "sid": {
                  "constant_value": "DeniedActionsOnBucket"
                }
              }
            ]
          },
          "schema_version": 0
        }
      ]
    }
  },
  "relevant_attributes": [
    {
      "resource": "aws_iam_policy.policy_1",
      "attribute": [
        "arn"
      ]
    },
    {
      "resource": "aws_iam_policy.policy_1_1",
      "attribute": [
        "arn"
      ]
    },
    {
      "resource": "aws_iam_role.role_2",
      "attribute": [
        "id"
      ]
    },
    {
      "resource": "data.aws_iam_policy_document.document_2",
      "attribute": [
        "json"
      ]
    },
    {
      "resource": "data.aws_iam_policy_document.document_1",
      "attribute": [
        "json"
      ]
    },
    {
      "resource": "data.aws_iam_policy_document.assume_policy_1",
      "attribute": [
        "json"
      ]
    },
    {
      "resource": "data.aws_iam_policy_document.assume_policy_2",
      "attribute": [
        "json"
      ]
    },
    {
      "resource": "aws_iam_role.role_1",
      "attribute": [
        "name"
      ]
    }
  ]
}
